
Microsoft Visual Studio Solution File, Format Version 12.00
# Visual Studio Version 17
VisualStudioVersion = 17.7.34202.233
MinimumVisualStudioVersion = 10.0.40219.1
Project("{9A19103F-16F7-4668-BE54-9A1E7A4F7556}") = "NZWalks.API", "NZWalks.API\NZWalks.API.csproj", "{8FEEB78F-A9C5-4E57-A214-A1F5E99F87ED}"
EndProject
Project("{9A19103F-16F7-4668-BE54-9A1E7A4F7556}") = "NZWalks.UI", "NZWalks.UI\NZWalks.UI.csproj", "{082A68FB-E25E-4A47-BA5E-2E1F29699383}"
EndProject
Project("{FAE04EC0-301F-11D3-BF4B-00C04F79EFBC}") = "Web-API-Versioning.API", "Web-API-Versioning.API\Web-API-Versioning.API.csproj", "{09F915F7-B81F-4415-A03A-BD91426E128E}"
EndProject
Global
	GlobalSection(SolutionConfigurationPlatforms) = preSolution
		Debug|Any CPU = Debug|Any CPU
		Release|Any CPU = Release|Any CPU
	EndGlobalSection
	GlobalSection(ProjectConfigurationPlatforms) = postSolution
		{8FEEB78F-A9C5-4E57-A214-A1F5E99F87ED}.Debug|Any CPU.ActiveCfg = Debug|Any CPU
		{8FEEB78F-A9C5-4E57-A214-A1F5E99F87ED}.Debug|Any CPU.Build.0 = Debug|Any CPU
		{8FEEB78F-A9C5-4E57-A214-A1F5E99F87ED}.Release|Any CPU.ActiveCfg = Release|Any CPU
		{8FEEB78F-A9C5-4E57-A214-A1F5E99F87ED}.Release|Any CPU.Build.0 = Release|Any CPU
		{082A68FB-E25E-4A47-BA5E-2E1F29699383}.Debug|Any CPU.ActiveCfg = Debug|Any CPU
		{082A68FB-E25E-4A47-BA5E-2E1F29699383}.Debug|Any CPU.Build.0 = Debug|Any CPU
		{082A68FB-E25E-4A47-BA5E-2E1F29699383}.Release|Any CPU.ActiveCfg = Release|Any CPU
		{082A68FB-E25E-4A47-BA5E-2E1F29699383}.Release|Any CPU.Build.0 = Release|Any CPU
		{09F915F7-B81F-4415-A03A-BD91426E128E}.Debug|Any CPU.ActiveCfg = Debug|Any CPU
		{09F915F7-B81F-4415-A03A-BD91426E128E}.Debug|Any CPU.Build.0 = Debug|Any CPU
		{09F915F7-B81F-4415-A03A-BD91426E128E}.Release|Any CPU.ActiveCfg = Release|Any CPU
		{09F915F7-B81F-4415-A03A-BD91426E128E}.Release|Any CPU.Build.0 = Release|Any CPU
	EndGlobalSection
	GlobalSection(SolutionProperties) = preSolution
		HideSolutionNode = FALSE
	EndGlobalSection
	GlobalSection(ExtensibilityGlobals) = postSolution
		SolutionGuid = {98E0F469-E114-49BC-9B86-6C42680002D9}
	EndGlobalSection
EndGlobal
